<?xml version="1.0" encoding="utf-8"?>
<Project ToolsVersion="4.0" xmlns="http://schemas.microsoft.com/developer/msbuild/2003">
  <ItemGroup>
    <Filter Include="Source Files">
      <UniqueIdentifier>{4FC737F1-C7A5-4376-A066-2A32D752A2FF}</UniqueIdentifier>
      <Extensions>cpp;c;cc;cxx;c++;cppm;ixx;def;odl;idl;hpj;bat;asm;asmx</Extensions>
    </Filter>
    <Filter Include="Header Files">
      <UniqueIdentifier>{93995380-89BD-4b04-88EB-625FBE52EBFB}</UniqueIdentifier>
      <Extensions>h;hh;hpp;hxx;h++;hm;inl;inc;ipp;xsd</Extensions>
    </Filter>
    <Filter Include="Resource Files">
      <UniqueIdentifier>{67DA6AB6-F800-4c08-8B7A-83BB121AAD01}</UniqueIdentifier>
      <Extensions>rc;ico;cur;bmp;dlg;rc2;rct;bin;rgs;gif;jpg;jpeg;jpe;resx;tiff;tif;png;wav;mfcribbon-ms</Extensions>
    </Filter>
  </ItemGroup>
  <ItemGroup>
    <ClCompile Include="Bank System OOP.cpp">
      <Filter>Source Files</Filter>
    </ClCompile>
    <ClCompile Include="clsString.cpp">
      <Filter>Source Files</Filter>
    </ClCompile>
    <ClCompile Include="clsPerson.cpp">
      <Filter>Source Files</Filter>
    </ClCompile>
    <ClCompile Include="clsBankClint.cpp">
      <Filter>Source Files</Filter>
    </ClCompile>
    <ClCompile Include="clsInputValidate.cpp">
      <Filter>Source Files</Filter>
    </ClCompile>
    <ClCompile Include="clsDate.cpp">
      <Filter>Source Files</Filter>
    </ClCompile>
    <ClCompile Include="clsUtil.cpp">
      <Filter>Source Files</Filter>
    </ClCompile>
    <ClCompile Include="clsScreen.cpp">
      <Filter>Source Files</Filter>
    </ClCompile>
    <ClCompile Include="clsMainScreen.cpp">
      <Filter>Source Files</Filter>
    </ClCompile>
    <ClCompile Include="clsClientListScreen.cpp">
      <Filter>Source Files</Filter>
    </ClCompile>
    <ClCompile Include="AddNewClient.cpp">
      <Filter>Source Files</Filter>
    </ClCompile>
    <ClCompile Include="clsDeletClient.cpp">
      <Filter>Source Files</Filter>
    </ClCompile>
    <ClCompile Include="clsUpdateClient.cpp">
      <Filter>Source Files</Filter>
    </ClCompile>
    <ClCompile Include="clsFindClient.cpp">
      <Filter>Source Files</Filter>
    </ClCompile>
    <ClCompile Include="clsTransactionsScreen.cpp">
      <Filter>Source Files</Filter>
    </ClCompile>
    <ClCompile Include="clsDeposit.cpp">
      <Filter>Source Files</Filter>
    </ClCompile>
    <ClCompile Include="clsWithdrawScreen.cpp">
      <Filter>Source Files</Filter>
    </ClCompile>
    <ClCompile Include="clsTotalBalancesScreen.cpp">
      <Filter>Source Files</Filter>
    </ClCompile>
    <ClCompile Include="clsManageUsersScreen.cpp">
      <Filter>Source Files</Filter>
    </ClCompile>
    <ClCompile Include="clsUser.cpp">
      <Filter>Source Files</Filter>
    </ClCompile>
    <ClCompile Include="clsListUsersScreen.cpp">
      <Filter>Source Files</Filter>
    </ClCompile>
    <ClCompile Include="clsAddNewUser.cpp">
      <Filter>Source Files</Filter>
    </ClCompile>
    <ClCompile Include="clsDeleteUserScreen.cpp">
      <Filter>Source Files</Filter>
    </ClCompile>
    <ClCompile Include="clsUpdateUserScreen.cpp">
      <Filter>Source Files</Filter>
    </ClCompile>
    <ClCompile Include="clsFindUserScreen.cpp">
      <Filter>Source Files</Filter>
    </ClCompile>
    <ClCompile Include="clsLoginScreen.cpp">
      <Filter>Source Files</Filter>
    </ClCompile>
    <ClCompile Include="clsDateLogin.cpp">
      <Filter>Source Files</Filter>
    </ClCompile>
    <ClCompile Include="clsRegisterLogins.cpp">
      <Filter>Source Files</Filter>
    </ClCompile>
    <ClCompile Include="clsRegisterScreen.cpp">
      <Filter>Source Files</Filter>
    </ClCompile>
    <ClCompile Include="TransferScreen.cpp">
      <Filter>Source Files</Filter>
    </ClCompile>
    <ClCompile Include="clsShowTransferList.cpp">
      <Filter>Source Files</Filter>
    </ClCompile>
  </ItemGroup>
  <ItemGroup>
    <ClInclude Include="clsString.h">
      <Filter>Header Files</Filter>
    </ClInclude>
    <ClInclude Include="clsPerson.h">
      <Filter>Header Files</Filter>
    </ClInclude>
    <ClInclude Include="clsBankClint.h">
      <Filter>Header Files</Filter>
    </ClInclude>
    <ClInclude Include="clsInputValidate.h">
      <Filter>Header Files</Filter>
    </ClInclude>
    <ClInclude Include="clsDate.h">
      <Filter>Header Files</Filter>
    </ClInclude>
    <ClInclude Include="clsUtil.h">
      <Filter>Header Files</Filter>
    </ClInclude>
    <ClInclude Include="clsScreen.h">
      <Filter>Header Files</Filter>
    </ClInclude>
    <ClInclude Include="clsMainScreen.h">
      <Filter>Header Files</Filter>
    </ClInclude>
    <ClInclude Include="clsClientListScreen.h">
      <Filter>Header Files</Filter>
    </ClInclude>
    <ClInclude Include="AddNewClient.h">
      <Filter>Header Files</Filter>
    </ClInclude>
    <ClInclude Include="clsDeletClient.h">
      <Filter>Header Files</Filter>
    </ClInclude>
    <ClInclude Include="clsUpdateClient.h">
      <Filter>Header Files</Filter>
    </ClInclude>
    <ClInclude Include="clsFindClient.h">
      <Filter>Header Files</Filter>
    </ClInclude>
    <ClInclude Include="clsTransactionsScreen.h">
      <Filter>Header Files</Filter>
    </ClInclude>
    <ClInclude Include="clsDeposit.h">
      <Filter>Header Files</Filter>
    </ClInclude>
    <ClInclude Include="clsWithdrawScreen.h">
      <Filter>Header Files</Filter>
    </ClInclude>
    <ClInclude Include="clsTotalBalancesScreen.h">
      <Filter>Header Files</Filter>
    </ClInclude>
    <ClInclude Include="clsManageUsersScreen.h">
      <Filter>Header Files</Filter>
    </ClInclude>
    <ClInclude Include="clsUser.h">
      <Filter>Header Files</Filter>
    </ClInclude>
    <ClInclude Include="clsListUsersScreen.h">
      <Filter>Header Files</Filter>
    </ClInclude>
    <ClInclude Include="clsAddNewUser.h">
      <Filter>Header Files</Filter>
    </ClInclude>
    <ClInclude Include="clsDeleteUserScreen.h">
      <Filter>Header Files</Filter>
    </ClInclude>
    <ClInclude Include="clsUpdateUserScreen.h">
      <Filter>Header Files</Filter>
    </ClInclude>
    <ClInclude Include="clsFindUserScreen.h">
      <Filter>Header Files</Filter>
    </ClInclude>
    <ClInclude Include="clsLoginScreen.h">
      <Filter>Header Files</Filter>
    </ClInclude>
    <ClInclude Include="Global.h">
      <Filter>Header Files</Filter>
    </ClInclude>
    <ClInclude Include="clsDateLogin.h">
      <Filter>Header Files</Filter>
    </ClInclude>
    <ClInclude Include="clsRegisterScreen.h">
      <Filter>Header Files</Filter>
    </ClInclude>
    <ClInclude Include="TransferScreen.h">
      <Filter>Header Files</Filter>
    </ClInclude>
    <ClInclude Include="clsShowTransferList.h">
      <Filter>Header Files</Filter>
    </ClInclude>
  </ItemGroup>
</Project>